{
  "name": "@messagevisor/project-environments",
  "version": "0.8.0",
  "lockfileVersion": 3,
  "requires": true,
  "packages": {
    "": {
      "name": "@messagevisor/project-environments",
      "version": "0.8.0",
      "dependencies": {
        "@messagevisor/cli": "0.8.0",
        "@messagevisor/module-icu": "0.8.0"
      }
    },
    "node_modules/@featurevisor/parsers": {
      "version": "2.24.0",
      "resolved": "https://registry.npmjs.org/@featurevisor/parsers/-/parsers-2.24.0.tgz",
      "integrity": "sha512-0Iq0X+x2gkxDhjub22iSmZyI3clr7uNHjT5bjHrIUYf3DbTCc1vDJ4E8ZYHMwMdR8lK4gTEQGyeQWh1JhPKTqA==",
      "license": "MIT",
      "dependencies": {
        "yaml": "^1.10.2"
      }
    },
    "node_modules/@featurevisor/sdk": {
      "version": "2.27.0",
      "resolved": "https://registry.npmjs.org/@featurevisor/sdk/-/sdk-2.27.0.tgz",
      "integrity": "sha512-wVfqma2tpSck2AquSkD2wSiAvpnnJZWWI45AdwlvMbG411eRA9jdv62tM4u+SesOgou6IC1r97GcjtlveQ9uCg==",
      "license": "MIT",
      "dependencies": {
        "@featurevisor/types": "2.23.0"
      }
    },
    "node_modules/@featurevisor/types": {
      "version": "2.23.0",
      "resolved": "https://registry.npmjs.org/@featurevisor/types/-/types-2.23.0.tgz",
      "integrity": "sha512-ffs3aGGR5040dCO1hCl5Z9HlRVFVU3T8sKM+F7HYjIt4tIYXnPFeLjK6fTKFWS/R7x1owF+kWNPP/CKD7g8vRQ==",
      "license": "MIT"
    },
    "node_modules/@formatjs/ecma402-abstract": {
      "version": "2.3.6",
      "resolved": "https://registry.npmjs.org/@formatjs/ecma402-abstract/-/ecma402-abstract-2.3.6.tgz",
      "integrity": "sha512-HJnTFeRM2kVFVr5gr5kH1XP6K0JcJtE7Lzvtr3FS/so5f1kpsqqqxy5JF+FRaO6H2qmcMfAUIox7AJteieRtVw==",
      "license": "MIT",
      "dependencies": {
        "@formatjs/fast-memoize": "2.2.7",
        "@formatjs/intl-localematcher": "0.6.2",
        "decimal.js": "^10.4.3",
        "tslib": "^2.8.0"
      }
    },
    "node_modules/@formatjs/fast-memoize": {
      "version": "2.2.7",
      "resolved": "https://registry.npmjs.org/@formatjs/fast-memoize/-/fast-memoize-2.2.7.tgz",
      "integrity": "sha512-Yabmi9nSvyOMrlSeGGWDiH7rf3a7sIwplbvo/dlz9WCIjzIQAfy1RMf4S0X3yG724n5Ghu2GmEl5NJIV6O9sZQ==",
      "license": "MIT",
      "dependencies": {
        "tslib": "^2.8.0"
      }
    },
    "node_modules/@formatjs/icu-messageformat-parser": {
      "version": "2.11.4",
      "resolved": "https://registry.npmjs.org/@formatjs/icu-messageformat-parser/-/icu-messageformat-parser-2.11.4.tgz",
      "integrity": "sha512-7kR78cRrPNB4fjGFZg3Rmj5aah8rQj9KPzuLsmcSn4ipLXQvC04keycTI1F7kJYDwIXtT2+7IDEto842CfZBtw==",
      "license": "MIT",
      "dependencies": {
        "@formatjs/ecma402-abstract": "2.3.6",
        "@formatjs/icu-skeleton-parser": "1.8.16",
        "tslib": "^2.8.0"
      }
    },
    "node_modules/@formatjs/icu-skeleton-parser": {
      "version": "1.8.16",
      "resolved": "https://registry.npmjs.org/@formatjs/icu-skeleton-parser/-/icu-skeleton-parser-1.8.16.tgz",
      "integrity": "sha512-H13E9Xl+PxBd8D5/6TVUluSpxGNvFSlN/b3coUp0e0JpuWXXnQDiavIpY3NnvSp4xhEMoXyyBvVfdFX8jglOHQ==",
      "license": "MIT",
      "dependencies": {
        "@formatjs/ecma402-abstract": "2.3.6",
        "tslib": "^2.8.0"
      }
    },
    "node_modules/@formatjs/intl-localematcher": {
      "version": "0.6.2",
      "resolved": "https://registry.npmjs.org/@formatjs/intl-localematcher/-/intl-localematcher-0.6.2.tgz",
      "integrity": "sha512-XOMO2Hupl0wdd172Y06h6kLpBz6Dv+J4okPLl4LPtzbr8f66WbIoy4ev98EBuZ6ZK4h5ydTN6XneT4QVpD7cdA==",
      "license": "MIT",
      "dependencies": {
        "tslib": "^2.8.0"
      }
    },
    "node_modules/@isaacs/fs-minipass": {
      "version": "4.0.1",
      "resolved": "https://registry.npmjs.org/@isaacs/fs-minipass/-/fs-minipass-4.0.1.tgz",
      "integrity": "sha512-wgm9Ehl2jpeqP3zw/7mo3kRHFp5MEDhqAdwy1fTGkHAwnkGOVsgpvQhL8B5n1qlb01jV3n/bI0ZfZp5lWA1k4w==",
      "license": "ISC",
      "dependencies": {
        "minipass": "^7.0.4"
      },
      "engines": {
        "node": ">=18.0.0"
      }
    },
    "node_modules/@messagevisor/catalog": {
      "version": "0.8.0",
      "resolved": "https://registry.npmjs.org/@messagevisor/catalog/-/catalog-0.8.0.tgz",
      "integrity": "sha512-OCuE2JVOMn+v3UXb1xTIF22zeZIPeYnYZn7+VHuQ8l0rBoiNpiTCMcSAazxusmO8LiZ7VPr8KrmOgGn+Kettpg==",
      "license": "MIT"
    },
    "node_modules/@messagevisor/cli": {
      "version": "0.8.0",
      "resolved": "https://registry.npmjs.org/@messagevisor/cli/-/cli-0.8.0.tgz",
      "integrity": "sha512-zwbKuRiPUQy3orEjbDOUepEevBUrkW3UypNGAhrpHhz0S9ug9MWigLLNTOqVZH6aHiLhjcldS5lsHlxMFo9+VQ==",
      "license": "MIT",
      "dependencies": {
        "@messagevisor/core": "0.8.0"
      },
      "bin": {
        "messagevisor": "bin.js"
      }
    },
    "node_modules/@messagevisor/core": {
      "version": "0.8.0",
      "resolved": "https://registry.npmjs.org/@messagevisor/core/-/core-0.8.0.tgz",
      "integrity": "sha512-5G5KXUopMVdSTGRgJeRo5fIjWXYk0ItwKDVLEhJlgGl0wlZIZvuI/ALOovZ79c8J00bB8FXMBbuGKU9i5ahb+A==",
      "license": "MIT",
      "dependencies": {
        "@featurevisor/parsers": "^2.24.0",
        "@featurevisor/sdk": "^2.23.0",
        "@messagevisor/catalog": "0.8.0",
        "@messagevisor/sdk": "0.8.0",
        "@messagevisor/types": "0.8.0",
        "intl-messageformat": "^10.7.16",
        "tar": "^7.5.11",
        "yargs": "^17.7.2",
        "zod": "^4.3.6"
      }
    },
    "node_modules/@messagevisor/module-icu": {
      "version": "0.8.0",
      "resolved": "https://registry.npmjs.org/@messagevisor/module-icu/-/module-icu-0.8.0.tgz",
      "integrity": "sha512-p51m1fggkZeyp9cZ8PLPPHD6MDS2VQ5QhM6nILaxV13Pw3bmH+oGNpAQHLPw4f77iAoJYBUSb8Z9zDOJyQnO8g==",
      "license": "MIT",
      "dependencies": {
        "@messagevisor/sdk": "0.8.0",
        "intl-messageformat": "^10.7.16"
      }
    },
    "node_modules/@messagevisor/sdk": {
      "version": "0.8.0",
      "resolved": "https://registry.npmjs.org/@messagevisor/sdk/-/sdk-0.8.0.tgz",
      "integrity": "sha512-8nDw557gbg+tyNM1CkOJbsiBpSzdzF1gYQLvLCsDXTPfB7QCof4RX1bLhd20TRkoZR26J7gYc3r88MimhV5qUw==",
      "license": "MIT",
      "dependencies": {
        "@messagevisor/types": "0.8.0"
      }
    },
    "node_modules/@messagevisor/types": {
      "version": "0.8.0",
      "resolved": "https://registry.npmjs.org/@messagevisor/types/-/types-0.8.0.tgz",
      "integrity": "sha512-oxMigk7o3d07kCv9rM75Lv0Sk7Fdp1BLk0i6VsO/yqPEwlPFTGqP20a3fFPm4Lrp5gvOw6BGNCOx6C7hQ4FapQ==",
      "license": "MIT"
    },
    "node_modules/ansi-regex": {
      "version": "5.0.1",
      "resolved": "https://registry.npmjs.org/ansi-regex/-/ansi-regex-5.0.1.tgz",
      "integrity": "sha512-quJQXlTSUGL2LH9SUXo8VwsY4soanhgo6LNSm84E1LBcE8s3O0wpdiRzyR9z/ZZJMlMWv37qOOb9pdJlMUEKFQ==",
      "license": "MIT",
      "engines": {
        "node": ">=8"
      }
    },
    "node_modules/ansi-styles": {
      "version": "4.3.0",
      "resolved": "https://registry.npmjs.org/ansi-styles/-/ansi-styles-4.3.0.tgz",
      "integrity": "sha512-zbB9rCJAT1rbjiVDb2hqKFHNYLxgtk8NURxZ3IZwD3F6NtxbXZQCnnSi1Lkx+IDohdPlFp222wVALIheZJQSEg==",
      "license": "MIT",
      "dependencies": {
        "color-convert": "^2.0.1"
      },
      "engines": {
        "node": ">=8"
      },
      "funding": {
        "url": "https://github.com/chalk/ansi-styles?sponsor=1"
      }
    },
    "node_modules/chownr": {
      "version": "3.0.0",
      "resolved": "https://registry.npmjs.org/chownr/-/chownr-3.0.0.tgz",
      "integrity": "sha512-+IxzY9BZOQd/XuYPRmrvEVjF/nqj5kgT4kEq7VofrDoM1MxoRjEWkrCC3EtLi59TVawxTAn+orJwFQcrqEN1+g==",
      "license": "BlueOak-1.0.0",
      "engines": {
        "node": ">=18"
      }
    },
    "node_modules/cliui": {
      "version": "8.0.1",
      "resolved": "https://registry.npmjs.org/cliui/-/cliui-8.0.1.tgz",
      "integrity": "sha512-BSeNnyus75C4//NQ9gQt1/csTXyo/8Sb+afLAkzAptFuMsod9HFokGNudZpi/oQV73hnVK+sR+5PVRMd+Dr7YQ==",
      "license": "ISC",
      "dependencies": {
        "string-width": "^4.2.0",
        "strip-ansi": "^6.0.1",
        "wrap-ansi": "^7.0.0"
      },
      "engines": {
        "node": ">=12"
      }
    },
    "node_modules/color-convert": {
      "version": "2.0.1",
      "resolved": "https://registry.npmjs.org/color-convert/-/color-convert-2.0.1.tgz",
      "integrity": "sha512-RRECPsj7iu/xb5oKYcsFHSppFNnsj/52OVTRKb4zP5onXwVF3zVmmToNcOfGC+CRDpfK/U584fMg38ZHCaElKQ==",
      "license": "MIT",
      "dependencies": {
        "color-name": "~1.1.4"
      },
      "engines": {
        "node": ">=7.0.0"
      }
    },
    "node_modules/color-name": {
      "version": "1.1.4",
      "resolved": "https://registry.npmjs.org/color-name/-/color-name-1.1.4.tgz",
      "integrity": "sha512-dOy+3AuW3a2wNbZHIuMZpTcgjGuLU/uBL/ubcZF9OXbDo8ff4O8yVp5Bf0efS8uEoYo5q4Fx7dY9OgQGXgAsQA==",
      "license": "MIT"
    },
    "node_modules/decimal.js": {
      "version": "10.6.0",
      "resolved": "https://registry.npmjs.org/decimal.js/-/decimal.js-10.6.0.tgz",
      "integrity": "sha512-YpgQiITW3JXGntzdUmyUR1V812Hn8T1YVXhCu+wO3OpS4eU9l4YdD3qjyiKdV6mvV29zapkMeD390UVEf2lkUg==",
      "license": "MIT"
    },
    "node_modules/emoji-regex": {
      "version": "8.0.0",
      "resolved": "https://registry.npmjs.org/emoji-regex/-/emoji-regex-8.0.0.tgz",
      "integrity": "sha512-MSjYzcWNOA0ewAHpz0MxpYFvwg6yjy1NG3xteoqz644VCo/RPgnr1/GGt+ic3iJTzQ8Eu3TdM14SawnVUmGE6A==",
      "license": "MIT"
    },
    "node_modules/escalade": {
      "version": "3.2.0",
      "resolved": "https://registry.npmjs.org/escalade/-/escalade-3.2.0.tgz",
      "integrity": "sha512-WUj2qlxaQtO4g6Pq5c29GTcWGDyd8itL8zTlipgECz3JesAiiOKotd8JU6otB3PACgG6xkJUyVhboMS+bje/jA==",
      "license": "MIT",
      "engines": {
        "node": ">=6"
      }
    },
    "node_modules/get-caller-file": {
      "version": "2.0.5",
      "resolved": "https://registry.npmjs.org/get-caller-file/-/get-caller-file-2.0.5.tgz",
      "integrity": "sha512-DyFP3BM/3YHTQOCUL/w0OZHR0lpKeGrxotcHWcqNEdnltqFwXVfhEBQ94eIo34AfQpo0rGki4cyIiftY06h2Fg==",
      "license": "ISC",
      "engines": {
        "node": "6.* || 8.* || >= 10.*"
      }
    },
    "node_modules/intl-messageformat": {
      "version": "10.7.18",
      "resolved": "https://registry.npmjs.org/intl-messageformat/-/intl-messageformat-10.7.18.tgz",
      "integrity": "sha512-m3Ofv/X/tV8Y3tHXLohcuVuhWKo7BBq62cqY15etqmLxg2DZ34AGGgQDeR+SCta2+zICb1NX83af0GJmbQ1++g==",
      "license": "BSD-3-Clause",
      "dependencies": {
        "@formatjs/ecma402-abstract": "2.3.6",
        "@formatjs/fast-memoize": "2.2.7",
        "@formatjs/icu-messageformat-parser": "2.11.4",
        "tslib": "^2.8.0"
      }
    },
    "node_modules/is-fullwidth-code-point": {
      "version": "3.0.0",
      "resolved": "https://registry.npmjs.org/is-fullwidth-code-point/-/is-fullwidth-code-point-3.0.0.tgz",
      "integrity": "sha512-zymm5+u+sCsSWyD9qNaejV3DFvhCKclKdizYaJUuHA83RLjb7nSuGnddCHGv0hk+KY7BMAlsWeK4Ueg6EV6XQg==",
      "license": "MIT",
      "engines": {
        "node": ">=8"
      }
    },
    "node_modules/minipass": {
      "version": "7.1.3",
      "resolved": "https://registry.npmjs.org/minipass/-/minipass-7.1.3.tgz",
      "integrity": "sha512-tEBHqDnIoM/1rXME1zgka9g6Q2lcoCkxHLuc7ODJ5BxbP5d4c2Z5cGgtXAku59200Cx7diuHTOYfSBD8n6mm8A==",
      "license": "BlueOak-1.0.0",
      "engines": {
        "node": ">=16 || 14 >=14.17"
      }
    },
    "node_modules/minizlib": {
      "version": "3.1.0",
      "resolved": "https://registry.npmjs.org/minizlib/-/minizlib-3.1.0.tgz",
      "integrity": "sha512-KZxYo1BUkWD2TVFLr0MQoM8vUUigWD3LlD83a/75BqC+4qE0Hb1Vo5v1FgcfaNXvfXzr+5EhQ6ing/CaBijTlw==",
      "license": "MIT",
      "dependencies": {
        "minipass": "^7.1.2"
      },
      "engines": {
        "node": ">= 18"
      }
    },
    "node_modules/require-directory": {
      "version": "2.1.1",
      "resolved": "https://registry.npmjs.org/require-directory/-/require-directory-2.1.1.tgz",
      "integrity": "sha512-fGxEI7+wsG9xrvdjsrlmL22OMTTiHRwAMroiEeMgq8gzoLC/PQr7RsRDSTLUg/bZAZtF+TVIkHc6/4RIKrui+Q==",
      "license": "MIT",
      "engines": {
        "node": ">=0.10.0"
      }
    },
    "node_modules/string-width": {
      "version": "4.2.3",
      "resolved": "https://registry.npmjs.org/string-width/-/string-width-4.2.3.tgz",
      "integrity": "sha512-wKyQRQpjJ0sIp62ErSZdGsjMJWsap5oRNihHhu6G7JVO/9jIB6UyevL+tXuOqrng8j/cxKTWyWUwvSTriiZz/g==",
      "license": "MIT",
      "dependencies": {
        "emoji-regex": "^8.0.0",
        "is-fullwidth-code-point": "^3.0.0",
        "strip-ansi": "^6.0.1"
      },
      "engines": {
        "node": ">=8"
      }
    },
    "node_modules/strip-ansi": {
      "version": "6.0.1",
      "resolved": "https://registry.npmjs.org/strip-ansi/-/strip-ansi-6.0.1.tgz",
      "integrity": "sha512-Y38VPSHcqkFrCpFnQ9vuSXmquuv5oXOKpGeT6aGrr3o3Gc9AlVa6JBfUSOCnbxGGZF+/0ooI7KrPuUSztUdU5A==",
      "license": "MIT",
      "dependencies": {
        "ansi-regex": "^5.0.1"
      },
      "engines": {
        "node": ">=8"
      }
    },
    "node_modules/tar": {
      "version": "7.5.16",
      "resolved": "https://registry.npmjs.org/tar/-/tar-7.5.16.tgz",
      "integrity": "sha512-56adEpPMouktRlBLXiaYFFzZ/3+JXa8P9n7WbR+ibIjtviN55mEaOkiysCnPnWm+7kkui1Dn8J9l+g6zV8731w==",
      "license": "BlueOak-1.0.0",
      "dependencies": {
        "@isaacs/fs-minipass": "^4.0.0",
        "chownr": "^3.0.0",
        "minipass": "^7.1.2",
        "minizlib": "^3.1.0",
        "yallist": "^5.0.0"
      },
      "engines": {
        "node": ">=18"
      }
    },
    "node_modules/tslib": {
      "version": "2.8.1",
      "resolved": "https://registry.npmjs.org/tslib/-/tslib-2.8.1.tgz",
      "integrity": "sha512-oJFu94HQb+KVduSUQL7wnpmqnfmLsOA/nAh6b6EH0wCEoK0/mPeXU6c3wKDV83MkOuHPRHtSXKKU99IBazS/2w==",
      "license": "0BSD"
    },
    "node_modules/wrap-ansi": {
      "version": "7.0.0",
      "resolved": "https://registry.npmjs.org/wrap-ansi/-/wrap-ansi-7.0.0.tgz",
      "integrity": "sha512-YVGIj2kamLSTxw6NsZjoBxfSwsn0ycdesmc4p+Q21c5zPuZ1pl+NfxVdxPtdHvmNVOQ6XSYG4AUtyt/Fi7D16Q==",
      "license": "MIT",
      "dependencies": {
        "ansi-styles": "^4.0.0",
        "string-width": "^4.1.0",
        "strip-ansi": "^6.0.0"
      },
      "engines": {
        "node": ">=10"
      },
      "funding": {
        "url": "https://github.com/chalk/wrap-ansi?sponsor=1"
      }
    },
    "node_modules/y18n": {
      "version": "5.0.8",
      "resolved": "https://registry.npmjs.org/y18n/-/y18n-5.0.8.tgz",
      "integrity": "sha512-0pfFzegeDWJHJIAmTLRP2DwHjdF5s7jo9tuztdQxAhINCdvS+3nGINqPd00AphqJR/0LhANUS6/+7SCb98YOfA==",
      "license": "ISC",
      "engines": {
        "node": ">=10"
      }
    },
    "node_modules/yallist": {
      "version": "5.0.0",
      "resolved": "https://registry.npmjs.org/yallist/-/yallist-5.0.0.tgz",
      "integrity": "sha512-YgvUTfwqyc7UXVMrB+SImsVYSmTS8X/tSrtdNZMImM+n7+QTriRXyXim0mBrTXNeqzVF0KWGgHPeiyViFFrNDw==",
      "license": "BlueOak-1.0.0",
      "engines": {
        "node": ">=18"
      }
    },
    "node_modules/yaml": {
      "version": "1.10.3",
      "resolved": "https://registry.npmjs.org/yaml/-/yaml-1.10.3.tgz",
      "integrity": "sha512-vIYeF1u3CjlhAFekPPAk2h/Kv4T3mAkMox5OymRiJQB0spDP10LHvt+K7G9Ny6NuuMAb25/6n1qyUjAcGNf/AA==",
      "license": "ISC",
      "engines": {
        "node": ">= 6"
      }
    },
    "node_modules/yargs": {
      "version": "17.7.2",
      "resolved": "https://registry.npmjs.org/yargs/-/yargs-17.7.2.tgz",
      "integrity": "sha512-7dSzzRQ++CKnNI/krKnYRV7JKKPUXMEh61soaHKg9mrWEhzFWhFnxPxGl+69cD1Ou63C13NUPCnmIcrvqCuM6w==",
      "license": "MIT",
      "dependencies": {
        "cliui": "^8.0.1",
        "escalade": "^3.1.1",
        "get-caller-file": "^2.0.5",
        "require-directory": "^2.1.1",
        "string-width": "^4.2.3",
        "y18n": "^5.0.5",
        "yargs-parser": "^21.1.1"
      },
      "engines": {
        "node": ">=12"
      }
    },
    "node_modules/yargs-parser": {
      "version": "21.1.1",
      "resolved": "https://registry.npmjs.org/yargs-parser/-/yargs-parser-21.1.1.tgz",
      "integrity": "sha512-tVpsJW7DdjecAiFpbIB1e3qxIQsE6NoPc5/eTdrbbIC4h0LVsWhnoa3g+m2HclBIujHzsxZ4VJVA+GUuc2/LBw==",
      "license": "ISC",
      "engines": {
        "node": ">=12"
      }
    },
    "node_modules/zod": {
      "version": "4.4.3",
      "resolved": "https://registry.npmjs.org/zod/-/zod-4.4.3.tgz",
      "integrity": "sha512-ytENFjIJFl2UwYglde2jchW2Hwm4GJFLDiSXWdTrJQBIN9Fcyp7n4DhxJEiWNAJMV1/BqWfW/kkg71UDcHJyTQ==",
      "license": "MIT",
      "funding": {
        "url": "https://github.com/sponsors/colinhacks"
      }
    }
  }
}
